# generated by rye
# use `rye lock` or `rye sync` to update this lockfile
#
# last locked with the following flags:
#   pre: false
#   features: []
#   all-features: true
#   with-sources: false
#   generate-hashes: false
#   universal: false

-e file:.
annotated-types==0.7.0
    # via pydantic
anyio==4.4.0
    # via apscheduler
    # via httpx
    # via starlette
apscheduler==4.0.0a5
    # via fastapi-apscheduler4
async-timeout==4.0.3
    # via asyncpg
    # via redis
asyncpg==0.29.0
attrs==24.2.0
    # via apscheduler
babel==2.16.0
    # via mkdocs-material
certifi==2024.7.4
    # via httpcore
    # via httpx
    # via requests
cfgv==3.4.0
    # via pre-commit
charset-normalizer==3.3.2
    # via requests
click==8.1.7
    # via mkdocs
    # via typer
colorama==0.4.6
    # via mkdocs-material
coverage==7.6.1
    # via pytest-cov
cyclic==1.0.0
    # via mdx-include
distlib==0.3.8
    # via virtualenv
docker==7.1.0
    # via testcontainers
exceptiongroup==1.2.2
    # via anyio
    # via pytest
fastapi==0.112.2
    # via fastapi-apscheduler4
filelock==3.15.4
    # via virtualenv
ghp-import==2.1.0
    # via mkdocs
greenlet==3.0.3
    # via sqlalchemy
h11==0.14.0
    # via httpcore
httpcore==1.0.5
    # via httpx
httpx==0.27.0
identify==2.6.0
    # via pre-commit
idna==3.8
    # via anyio
    # via httpx
    # via requests
importlib-metadata==8.4.0
    # via mike
importlib-resources==6.4.4
    # via mike
iniconfig==2.0.0
    # via pytest
jinja2==3.1.4
    # via mike
    # via mkdocs
    # via mkdocs-material
markdown==3.7
    # via mdx-include
    # via mkdocs
    # via mkdocs-material
    # via pymdown-extensions
markdown-it-py==3.0.0
    # via rich
markupsafe==2.1.5
    # via jinja2
    # via mkdocs
mdurl==0.1.2
    # via markdown-it-py
mdx-include==1.4.2
mergedeep==1.3.4
    # via mkdocs
    # via mkdocs-get-deps
mike==2.1.3
mkdocs==1.6.0
    # via mike
    # via mkdocs-material
mkdocs-get-deps==0.2.0
    # via mkdocs
mkdocs-material==9.5.33
mkdocs-material-extensions==1.3.1
    # via mkdocs-material
mypy==1.11.2
mypy-extensions==1.0.0
    # via mypy
nodeenv==1.9.1
    # via pre-commit
packaging==24.1
    # via mkdocs
    # via pytest
paginate==0.5.7
    # via mkdocs-material
pathspec==0.12.1
    # via mkdocs
platformdirs==4.2.2
    # via mkdocs-get-deps
    # via virtualenv
pluggy==1.5.0
    # via pytest
pre-commit==3.8.0
pre-commit-hooks==4.6.0
pydantic==2.8.2
    # via fastapi
    # via pydantic-settings
pydantic-core==2.20.1
    # via pydantic
pydantic-settings==2.4.0
    # via fastapi-apscheduler4
pygments==2.18.0
    # via mkdocs-material
    # via rich
pymdown-extensions==10.9
    # via mkdocs-material
pyparsing==3.1.4
    # via mike
pytest==8.3.2
    # via pytest-cov
    # via pytest-mock
pytest-cov==5.0.0
pytest-mock==3.14.0
python-dateutil==2.9.0.post0
    # via ghp-import
python-dotenv==1.0.1
    # via pydantic-settings
pyyaml==6.0.2
    # via mike
    # via mkdocs
    # via mkdocs-get-deps
    # via pre-commit
    # via pymdown-extensions
    # via pyyaml-env-tag
pyyaml-env-tag==0.1
    # via mike
    # via mkdocs
rcslice==1.1.0
    # via mdx-include
redis==5.0.8
regex==2024.7.24
    # via mkdocs-material
requests==2.32.3
    # via docker
    # via mkdocs-material
rich==13.7.1
    # via typer
ruamel-yaml==0.18.6
    # via pre-commit-hooks
ruamel-yaml-clib==0.2.8
    # via ruamel-yaml
ruff==0.6.2
shellingham==1.5.4
    # via typer
six==1.16.0
    # via python-dateutil
sniffio==1.3.1
    # via anyio
    # via httpx
sqlalchemy==2.0.32
starlette==0.38.2
    # via fastapi
tenacity==8.5.0
    # via apscheduler
testcontainers==4.8.0
tomli==2.0.1
    # via coverage
    # via mypy
    # via pre-commit-hooks
    # via pytest
typer==0.12.5
typing-extensions==4.12.2
    # via anyio
    # via apscheduler
    # via fastapi
    # via mypy
    # via pydantic
    # via pydantic-core
    # via sqlalchemy
    # via testcontainers
    # via typer
tzlocal==5.2
    # via apscheduler
urllib3==2.2.2
    # via docker
    # via requests
    # via testcontainers
verspec==0.1.0
    # via mike
virtualenv==20.26.3
    # via pre-commit
watchdog==4.0.2
    # via mkdocs
wrapt==1.16.0
    # via testcontainers
zipp==3.20.0
    # via importlib-metadata
